{
    "_meta": {
        "hash": {
            "sha256": "3152d8aed85b85e8a514522c4b701ad3ade5222cd5242422dc0c24d4d16fb43c"
        },
        "pipfile-spec": 6,
        "requires": {
            "python_version": "3.6"
        },
        "sources": [
            {
                "name": "pypi",
                "url": "https://pypi.org/simple",
                "verify_ssl": true
            }
        ]
    },
    "default": {
        "ecdsa": {
            "hashes": [
                "sha256:20c17e527e75acad8f402290e158a6ac178b91b881f941fc6ea305bfdfb9657c",
                "sha256:5c034ffa23413ac923541ceb3ac14ec15a0d2530690413bff58c12b80e56d884"
            ],
            "index": "pypi",
            "version": "==0.13.2"
        }
    },
    "develop": {}
}
